
Microsoft Visual Studio Solution File, Format Version 12.00
# Visual Studio Version 17
VisualStudioVersion = 17.1.32414.318
MinimumVisualStudioVersion = 10.0.40219.1
Project("{11A8DD76-328B-46DF-9F39-F559912D0360}") = "LiquidCrystal", "LiquidCrystal.nfproj", "{CFD77235-B356-4C55-A7AE-A33B135DF08F}"
EndProject
Project("{2150E333-8FDC-42A3-9474-1A3956D46DE8}") = "Samples", "Samples", "{ACAA64BB-8E9E-43B3-B3E0-5C38CC9A3E0A}"
EndProject
Project("{11A8DD76-328B-46DF-9F39-F559912D0360}") = "HelloWorld", "Samples\HelloWorld\HelloWorld.nfproj", "{06288AE0-935C-47A6-9E5B-66CED0AC69B2}"
EndProject
Global
	GlobalSection(SolutionConfigurationPlatforms) = preSolution
		Debug|Any CPU = Debug|Any CPU
		Release|Any CPU = Release|Any CPU
	EndGlobalSection
	GlobalSection(ProjectConfigurationPlatforms) = postSolution
		{CFD77235-B356-4C55-A7AE-A33B135DF08F}.Debug|Any CPU.ActiveCfg = Debug|Any CPU
		{CFD77235-B356-4C55-A7AE-A33B135DF08F}.Debug|Any CPU.Build.0 = Debug|Any CPU
		{CFD77235-B356-4C55-A7AE-A33B135DF08F}.Debug|Any CPU.Deploy.0 = Debug|Any CPU
		{CFD77235-B356-4C55-A7AE-A33B135DF08F}.Release|Any CPU.ActiveCfg = Release|Any CPU
		{CFD77235-B356-4C55-A7AE-A33B135DF08F}.Release|Any CPU.Build.0 = Release|Any CPU
		{CFD77235-B356-4C55-A7AE-A33B135DF08F}.Release|Any CPU.Deploy.0 = Release|Any CPU
		{06288AE0-935C-47A6-9E5B-66CED0AC69B2}.Debug|Any CPU.ActiveCfg = Debug|Any CPU
		{06288AE0-935C-47A6-9E5B-66CED0AC69B2}.Debug|Any CPU.Build.0 = Debug|Any CPU
		{06288AE0-935C-47A6-9E5B-66CED0AC69B2}.Debug|Any CPU.Deploy.0 = Debug|Any CPU
		{06288AE0-935C-47A6-9E5B-66CED0AC69B2}.Release|Any CPU.ActiveCfg = Release|Any CPU
		{06288AE0-935C-47A6-9E5B-66CED0AC69B2}.Release|Any CPU.Build.0 = Release|Any CPU
		{06288AE0-935C-47A6-9E5B-66CED0AC69B2}.Release|Any CPU.Deploy.0 = Release|Any CPU
	EndGlobalSection
	GlobalSection(SolutionProperties) = preSolution
		HideSolutionNode = FALSE
	EndGlobalSection
	GlobalSection(NestedProjects) = preSolution
		{06288AE0-935C-47A6-9E5B-66CED0AC69B2} = {ACAA64BB-8E9E-43B3-B3E0-5C38CC9A3E0A}
	EndGlobalSection
	GlobalSection(ExtensibilityGlobals) = postSolution
		SolutionGuid = {4BAA2BB1-88E5-4979-BE1D-0E6190FDDB73}
	EndGlobalSection
EndGlobal
