
Microsoft Visual Studio Solution File, Format Version 12.00
# Visual Studio Version 17
VisualStudioVersion = 17.1.32414.318
MinimumVisualStudioVersion = 10.0.40219.1
Project("{11A8DD76-328B-46DF-9F39-F559912D0360}") = "LiquidCrystal", "LiquidCrystal.nfproj", "{CFD77235-B356-4C55-A7AE-A33B135DF08F}"
EndProject
Project("{2150E333-8FDC-42A3-9474-1A3956D46DE8}") = "Samples", "Samples", "{ACAA64BB-8E9E-43B3-B3E0-5C38CC9A3E0A}"
EndProject
Project("{11A8DD76-328B-46DF-9F39-F559912D0360}") = "HelloWorld", "Samples\HelloWorld\HelloWorld.nfproj", "{06288AE0-935C-47A6-9E5B-66CED0AC69B2}"
EndProject
Project("{11A8DD76-328B-46DF-9F39-F559912D0360}") = "Blink", "Samples\Blink\Blink.nfproj", "{F9D2BB55-CCCB-4013-B371-EC9A57525063}"
EndProject
Project("{11A8DD76-328B-46DF-9F39-F559912D0360}") = "Cursor", "Samples\Cursor\Cursor.nfproj", "{C0F30B65-95D8-4EAA-9B2D-DA954AEE66C5}"
EndProject
Project("{11A8DD76-328B-46DF-9F39-F559912D0360}") = "AutoScroll", "Samples\AutoScroll\AutoScroll.nfproj", "{92A9FCD0-9DCC-4689-8B0E-87944B8FA732}"
EndProject
Project("{11A8DD76-328B-46DF-9F39-F559912D0360}") = "Display", "Samples\Display\Display.nfproj", "{F35F0645-3260-4510-8194-AA50228D2B31}"
EndProject
Project("{11A8DD76-328B-46DF-9F39-F559912D0360}") = "CustomCharacter", "Samples\CustomCharacter\CustomCharacter.nfproj", "{54CAB150-02E2-4EF8-A9B6-EF742B0D3803}"
EndProject
Project("{11A8DD76-328B-46DF-9F39-F559912D0360}") = "Scroll", "Samples\Scroll\Scroll.nfproj", "{4DCE3BD8-487A-4046-B3B8-DBF5ECFF4B46}"
EndProject
Project("{11A8DD76-328B-46DF-9F39-F559912D0360}") = "TextDirection", "Samples\TextDirection\TextDirection.nfproj", "{B0ADD7CC-E84F-43EC-BA6E-7BA0DF04BEC1}"
EndProject
Project("{11A8DD76-328B-46DF-9F39-F559912D0360}") = "SetCursor", "..\SetCursor\SetCursor.nfproj", "{4F36CD73-A84B-494B-8510-0F69599A27E1}"
EndProject
Global
	GlobalSection(SolutionConfigurationPlatforms) = preSolution
		Debug|Any CPU = Debug|Any CPU
		Release|Any CPU = Release|Any CPU
	EndGlobalSection
	GlobalSection(ProjectConfigurationPlatforms) = postSolution
		{CFD77235-B356-4C55-A7AE-A33B135DF08F}.Debug|Any CPU.ActiveCfg = Debug|Any CPU
		{CFD77235-B356-4C55-A7AE-A33B135DF08F}.Debug|Any CPU.Build.0 = Debug|Any CPU
		{CFD77235-B356-4C55-A7AE-A33B135DF08F}.Debug|Any CPU.Deploy.0 = Debug|Any CPU
		{CFD77235-B356-4C55-A7AE-A33B135DF08F}.Release|Any CPU.ActiveCfg = Release|Any CPU
		{CFD77235-B356-4C55-A7AE-A33B135DF08F}.Release|Any CPU.Build.0 = Release|Any CPU
		{CFD77235-B356-4C55-A7AE-A33B135DF08F}.Release|Any CPU.Deploy.0 = Release|Any CPU
		{06288AE0-935C-47A6-9E5B-66CED0AC69B2}.Debug|Any CPU.ActiveCfg = Debug|Any CPU
		{06288AE0-935C-47A6-9E5B-66CED0AC69B2}.Debug|Any CPU.Build.0 = Debug|Any CPU
		{06288AE0-935C-47A6-9E5B-66CED0AC69B2}.Debug|Any CPU.Deploy.0 = Debug|Any CPU
		{06288AE0-935C-47A6-9E5B-66CED0AC69B2}.Release|Any CPU.ActiveCfg = Release|Any CPU
		{06288AE0-935C-47A6-9E5B-66CED0AC69B2}.Release|Any CPU.Build.0 = Release|Any CPU
		{06288AE0-935C-47A6-9E5B-66CED0AC69B2}.Release|Any CPU.Deploy.0 = Release|Any CPU
		{F9D2BB55-CCCB-4013-B371-EC9A57525063}.Debug|Any CPU.ActiveCfg = Debug|Any CPU
		{F9D2BB55-CCCB-4013-B371-EC9A57525063}.Debug|Any CPU.Build.0 = Debug|Any CPU
		{F9D2BB55-CCCB-4013-B371-EC9A57525063}.Debug|Any CPU.Deploy.0 = Debug|Any CPU
		{F9D2BB55-CCCB-4013-B371-EC9A57525063}.Release|Any CPU.ActiveCfg = Release|Any CPU
		{F9D2BB55-CCCB-4013-B371-EC9A57525063}.Release|Any CPU.Build.0 = Release|Any CPU
		{F9D2BB55-CCCB-4013-B371-EC9A57525063}.Release|Any CPU.Deploy.0 = Release|Any CPU
		{C0F30B65-95D8-4EAA-9B2D-DA954AEE66C5}.Debug|Any CPU.ActiveCfg = Debug|Any CPU
		{C0F30B65-95D8-4EAA-9B2D-DA954AEE66C5}.Debug|Any CPU.Build.0 = Debug|Any CPU
		{C0F30B65-95D8-4EAA-9B2D-DA954AEE66C5}.Debug|Any CPU.Deploy.0 = Debug|Any CPU
		{C0F30B65-95D8-4EAA-9B2D-DA954AEE66C5}.Release|Any CPU.ActiveCfg = Release|Any CPU
		{C0F30B65-95D8-4EAA-9B2D-DA954AEE66C5}.Release|Any CPU.Build.0 = Release|Any CPU
		{C0F30B65-95D8-4EAA-9B2D-DA954AEE66C5}.Release|Any CPU.Deploy.0 = Release|Any CPU
		{92A9FCD0-9DCC-4689-8B0E-87944B8FA732}.Debug|Any CPU.ActiveCfg = Debug|Any CPU
		{92A9FCD0-9DCC-4689-8B0E-87944B8FA732}.Debug|Any CPU.Build.0 = Debug|Any CPU
		{92A9FCD0-9DCC-4689-8B0E-87944B8FA732}.Debug|Any CPU.Deploy.0 = Debug|Any CPU
		{92A9FCD0-9DCC-4689-8B0E-87944B8FA732}.Release|Any CPU.ActiveCfg = Release|Any CPU
		{92A9FCD0-9DCC-4689-8B0E-87944B8FA732}.Release|Any CPU.Build.0 = Release|Any CPU
		{92A9FCD0-9DCC-4689-8B0E-87944B8FA732}.Release|Any CPU.Deploy.0 = Release|Any CPU
		{F35F0645-3260-4510-8194-AA50228D2B31}.Debug|Any CPU.ActiveCfg = Debug|Any CPU
		{F35F0645-3260-4510-8194-AA50228D2B31}.Debug|Any CPU.Build.0 = Debug|Any CPU
		{F35F0645-3260-4510-8194-AA50228D2B31}.Debug|Any CPU.Deploy.0 = Debug|Any CPU
		{F35F0645-3260-4510-8194-AA50228D2B31}.Release|Any CPU.ActiveCfg = Release|Any CPU
		{F35F0645-3260-4510-8194-AA50228D2B31}.Release|Any CPU.Build.0 = Release|Any CPU
		{F35F0645-3260-4510-8194-AA50228D2B31}.Release|Any CPU.Deploy.0 = Release|Any CPU
		{54CAB150-02E2-4EF8-A9B6-EF742B0D3803}.Debug|Any CPU.ActiveCfg = Debug|Any CPU
		{54CAB150-02E2-4EF8-A9B6-EF742B0D3803}.Debug|Any CPU.Build.0 = Debug|Any CPU
		{54CAB150-02E2-4EF8-A9B6-EF742B0D3803}.Debug|Any CPU.Deploy.0 = Debug|Any CPU
		{54CAB150-02E2-4EF8-A9B6-EF742B0D3803}.Release|Any CPU.ActiveCfg = Release|Any CPU
		{54CAB150-02E2-4EF8-A9B6-EF742B0D3803}.Release|Any CPU.Build.0 = Release|Any CPU
		{54CAB150-02E2-4EF8-A9B6-EF742B0D3803}.Release|Any CPU.Deploy.0 = Release|Any CPU
		{4DCE3BD8-487A-4046-B3B8-DBF5ECFF4B46}.Debug|Any CPU.ActiveCfg = Debug|Any CPU
		{4DCE3BD8-487A-4046-B3B8-DBF5ECFF4B46}.Debug|Any CPU.Build.0 = Debug|Any CPU
		{4DCE3BD8-487A-4046-B3B8-DBF5ECFF4B46}.Debug|Any CPU.Deploy.0 = Debug|Any CPU
		{4DCE3BD8-487A-4046-B3B8-DBF5ECFF4B46}.Release|Any CPU.ActiveCfg = Release|Any CPU
		{4DCE3BD8-487A-4046-B3B8-DBF5ECFF4B46}.Release|Any CPU.Build.0 = Release|Any CPU
		{4DCE3BD8-487A-4046-B3B8-DBF5ECFF4B46}.Release|Any CPU.Deploy.0 = Release|Any CPU
		{B0ADD7CC-E84F-43EC-BA6E-7BA0DF04BEC1}.Debug|Any CPU.ActiveCfg = Debug|Any CPU
		{B0ADD7CC-E84F-43EC-BA6E-7BA0DF04BEC1}.Debug|Any CPU.Build.0 = Debug|Any CPU
		{B0ADD7CC-E84F-43EC-BA6E-7BA0DF04BEC1}.Debug|Any CPU.Deploy.0 = Debug|Any CPU
		{B0ADD7CC-E84F-43EC-BA6E-7BA0DF04BEC1}.Release|Any CPU.ActiveCfg = Release|Any CPU
		{B0ADD7CC-E84F-43EC-BA6E-7BA0DF04BEC1}.Release|Any CPU.Build.0 = Release|Any CPU
		{B0ADD7CC-E84F-43EC-BA6E-7BA0DF04BEC1}.Release|Any CPU.Deploy.0 = Release|Any CPU
		{4F36CD73-A84B-494B-8510-0F69599A27E1}.Debug|Any CPU.ActiveCfg = Debug|Any CPU
		{4F36CD73-A84B-494B-8510-0F69599A27E1}.Debug|Any CPU.Build.0 = Debug|Any CPU
		{4F36CD73-A84B-494B-8510-0F69599A27E1}.Debug|Any CPU.Deploy.0 = Debug|Any CPU
		{4F36CD73-A84B-494B-8510-0F69599A27E1}.Release|Any CPU.ActiveCfg = Release|Any CPU
		{4F36CD73-A84B-494B-8510-0F69599A27E1}.Release|Any CPU.Build.0 = Release|Any CPU
		{4F36CD73-A84B-494B-8510-0F69599A27E1}.Release|Any CPU.Deploy.0 = Release|Any CPU
	EndGlobalSection
	GlobalSection(SolutionProperties) = preSolution
		HideSolutionNode = FALSE
	EndGlobalSection
	GlobalSection(NestedProjects) = preSolution
		{06288AE0-935C-47A6-9E5B-66CED0AC69B2} = {ACAA64BB-8E9E-43B3-B3E0-5C38CC9A3E0A}
		{F9D2BB55-CCCB-4013-B371-EC9A57525063} = {ACAA64BB-8E9E-43B3-B3E0-5C38CC9A3E0A}
		{C0F30B65-95D8-4EAA-9B2D-DA954AEE66C5} = {ACAA64BB-8E9E-43B3-B3E0-5C38CC9A3E0A}
		{92A9FCD0-9DCC-4689-8B0E-87944B8FA732} = {ACAA64BB-8E9E-43B3-B3E0-5C38CC9A3E0A}
		{F35F0645-3260-4510-8194-AA50228D2B31} = {ACAA64BB-8E9E-43B3-B3E0-5C38CC9A3E0A}
		{54CAB150-02E2-4EF8-A9B6-EF742B0D3803} = {ACAA64BB-8E9E-43B3-B3E0-5C38CC9A3E0A}
		{4DCE3BD8-487A-4046-B3B8-DBF5ECFF4B46} = {ACAA64BB-8E9E-43B3-B3E0-5C38CC9A3E0A}
		{B0ADD7CC-E84F-43EC-BA6E-7BA0DF04BEC1} = {ACAA64BB-8E9E-43B3-B3E0-5C38CC9A3E0A}
		{4F36CD73-A84B-494B-8510-0F69599A27E1} = {ACAA64BB-8E9E-43B3-B3E0-5C38CC9A3E0A}
	EndGlobalSection
	GlobalSection(ExtensibilityGlobals) = postSolution
		SolutionGuid = {4BAA2BB1-88E5-4979-BE1D-0E6190FDDB73}
	EndGlobalSection
EndGlobal
